# THIS IS AN AUTOGENERATED FILE. DO NOT EDIT THIS FILE DIRECTLY.
# yarn lockfile v1


apollo-cache-inmemory@^1.2.2:
  version "1.2.2"
  resolved "https://registry.yarnpkg.com/apollo-cache-inmemory/-/apollo-cache-inmemory-1.2.2.tgz#051b1fec5b3cec1b348bd7ac9c713a72a0bba45b"
  dependencies:
    apollo-cache "^1.1.9"
    apollo-utilities "^1.0.13"
    graphql-anywhere "^4.1.11"

apollo-cache@^1.1.9:
  version "1.1.9"
  resolved "https://registry.yarnpkg.com/apollo-cache/-/apollo-cache-1.1.9.tgz#90426f25c43bc66ae02808af01194d78fd15ea40"
  dependencies:
    apollo-utilities "^1.0.13"

apollo-utilities@^1.0.13:
  version "1.0.13"
  resolved "https://registry.yarnpkg.com/apollo-utilities/-/apollo-utilities-1.0.13.tgz#793c858bb42243f7254d3c2961c64a7158e51022"

graphql-anywhere@^4.1.11:
  version "4.1.11"
  resolved "https://registry.yarnpkg.com/graphql-anywhere/-/graphql-anywhere-4.1.11.tgz#f91fa82e7e47275260957bb91f2fed5ecd508098"
  dependencies:
    apollo-utilities "^1.0.13"
